cloud.google.com/go v0.26.0/go.mod h1:aQUYkXzVsufM+DwF1aE+0xfcU+56JwCaLick0ClmMTw=
github.com/BurntSushi/toml v0.3.1/go.mod h1:xHWCNGjB5oqiDr8zfno3MHue2Ht5sIBksp03qcyfWMU=
github.com/BurntSushi/toml v1.4.0 h1:kuoIxZQy2WRRk1pttg9asf+WVv6tWQuBNVmK8+nqPr0=
github.com/BurntSushi/toml v1.4.0/go.mod h1:ukJfTF/6rtPPRCnwkur4qwRxa8vTRFBF0uk2lLoLwho=
github.com/Microsoft/go-winio v0.6.2 h1:F2VQgta7ecxGYO8k3ZZz3RS8fVIXVxONVUPlNERoyfY=
github.com/Microsoft/go-winio v0.6.2/go.mod h1:yd8OoFMLzJbo9gZq8j5qaps8bJ9aShtEA8Ipt1oGCvU=
github.com/Microsoft/hcsshim v0.14.1 h1:CMuB3fqQVfPdhyXhUqYdUmPUIOhJkmghCx3dJet8Cqs=
github.com/Microsoft/hcsshim v0.14.1/go.mod h1:VnzvPLyWUhxiPVsJ31P6XadxCcTogTguBFDy/1GR/OM=
github.com/aws/aws-sdk-go-v2 v1.42.0 h1:XvXMJTkFQtpBKIWZnmr9ZEOc2InWM2yldjXEJ/bymhA=
github.com/aws/aws-sdk-go-v2 v1.42.0/go.mod h1:27+ACypSLljLAEKsCYOmrjKh83vuTRkuAe9Uv/3A4bg=
github.com/aws/aws-sdk-go-v2/aws/protocol/eventstream v1.7.10 h1:gx1AwW1Iyk9Z9dD9F4akX5gnN3QZwUB20GGKH/I+Rho=
github.com/aws/aws-sdk-go-v2/aws/protocol/eventstream v1.7.10/go.mod h1:qqY157uZoqm5OXq/amuaBJyC9hgBCBQnsaWnPe905GY=
github.com/aws/aws-sdk-go-v2/config v1.32.17 h1:FpL4/758/diKwqbytU0prpuiu60fgXKUWCpDJtApclU=
github.com/aws/aws-sdk-go-v2/config v1.32.17/go.mod h1:OXqUMzgXytfoF9JaKkhrOYsyh72t9G+MJH8mMRaexOE=
github.com/aws/aws-sdk-go-v2/credentials v1.19.16 h1:r3RJBuU7X9ibt8RHbMjWE6y60QbKBiII6wSrXnapxSU=
github.com/aws/aws-sdk-go-v2/credentials v1.19.16/go.mod h1:6cx7zqDENJDbBIIWX6P8s0h6hqHC8Avbjh9Dseo27ug=
github.com/aws/aws-sdk-go-v2/feature/ec2/imds v1.18.23 h1:UuSfcORqNSz/ey3VPRS8TcVH2Ikf0/sC+Hdj400QI6U=
github.com/aws/aws-sdk-go-v2/feature/ec2/imds v1.18.23/go.mod h1:+G/OSGiOFnSOkYloKj/9M35s74LgVAdJBSD5lsFfqKg=
github.com/aws/aws-sdk-go-v2/feature/s3/manager v1.22.18 h1:9XFUd2lkr7VrbE4Qtrhm7AtNhGgZeGFI5QLZtQIflj8=
github.com/aws/aws-sdk-go-v2/feature/s3/manager v1.22.18/go.mod h1:trImuKdWelQIJALvyGj6sKolJ1W8t628JOoTdDGVL9Q=
github.com/aws/aws-sdk-go-v2/internal/configsources v1.4.29 h1:f3vKqSo13fhTYb+JEcXwXefZQE26I1FB5eTSniU67ko=
github.com/aws/aws-sdk-go-v2/internal/configsources v1.4.29/go.mod h1:MzoLFUArKGpGD+ukmPiTPG1X5x4o6M2kq4v2dr1FiEc=
github.com/aws/aws-sdk-go-v2/internal/endpoints/v2 v2.7.29 h1:RdwIf/CuUsvJX3RgJagbOyotl/cxoLY4xviKuE7p2GY=
github.com/aws/aws-sdk-go-v2/internal/endpoints/v2 v2.7.29/go.mod h1:71wt8W2EgswdZy9Mf9KNnzxZ3TiZlv4caKghPktDOkA=
github.com/aws/aws-sdk-go-v2/internal/v4a v1.4.24 h1:OQqn11BtaYv1WLUowvcA30MpzIu8Ti4pcLPIIyoKZrA=
github.com/aws/aws-sdk-go-v2/internal/v4a v1.4.24/go.mod h1:X5ZJyfwVrWA96GzPmUCWFQaEARPR7gCrpq2E92PJwAE=
github.com/aws/aws-sdk-go-v2/service/account v1.32.4 h1:6m5+oD1ER/nYkUkBCL6BsfFq4BNDU5eEHrErIK817Ug=
github.com/aws/aws-sdk-go-v2/service/account v1.32.4/go.mod h1:K2RMp3RcjXLs7bfmg+sGP/MpTdEhcABzreR8xldpttc=
github.com/aws/aws-sdk-go-v2/service/cloudwatch v1.57.0 h1:dlkFtYOrwOuM7IIBD6FPLtt0Xvnph+8hqmmbzyowkCk=
github.com/aws/aws-sdk-go-v2/service/cloudwatch v1.57.0/go.mod h1:7900IH3EvTrwNGLNx3QDKnQwPF/Cw+pD9cuvBDQ4org=
github.com/aws/aws-sdk-go-v2/service/cloudwatchlogs v1.73.0 h1:JmrHkELR2Q0O28swrFMm0hZNwpQrV8qmbhnb7suKIfc=
github.com/aws/aws-sdk-go-v2/service/cloudwatchlogs v1.73.0/go.mod h1:MLJu3PUd8fp5Qvj4CiLvyY5H8y7kxHKlTp060Wsd+Vc=
github.com/aws/aws-sdk-go-v2/service/dynamodb v1.57.3 h1:XgjzLEE8CrNYnr4Xmi1W5PfKsKMjp4Pu1rWkJNO43JI=
github.com/aws/aws-sdk-go-v2/service/dynamodb v1.57.3/go.mod h1:r7sfLXEN8RUA89tAHy1E7lCtVOOWIkqVy/FbnUdxW1E=
github.com/aws/aws-sdk-go-v2/service/ebs v1.34.7 h1:8cSeObfW/xr+s2Hra2kArFisWz05pMrgIV/ZskUeYLw=
github.com/aws/aws-sdk-go-v2/service/ebs v1.34.7/go.mod h1:u+YbhSelj9tbG7rWdjRbRnUi6izHK5hjZnxxA9dtCvQ=
github.com/aws/aws-sdk-go-v2/service/ec2 v1.301.0 h1:U+cZAMc8mN0jne8/ae7KrrFuILTXrZReAvc6BIpXGls=
github.com/aws/aws-sdk-go-v2/service/ec2 v1.301.0/go.mod h1:Y95W0Hm6FYLPa6o0hbnJ+sWgmdc4ifcLFjGkdobWVhY=
github.com/aws/aws-sdk-go-v2/service/efs v1.41.16 h1:qHmh61/S6g+scI9M4U3XYivCiEp1tUadKgyrczuLJpM=
github.com/aws/aws-sdk-go-v2/service/efs v1.41.16/go.mod h1:Q7WcY1H6krqZEnFyxyuzfLAnEad1Q69U4CrBbY4P2Fg=
github.com/aws/aws-sdk-go-v2/service/fsx v1.65.10 h1:Hbq4SjVDCTnJ4leFO35t3xkUWriD8EwIpydTMV8WxEo=
github.com/aws/aws-sdk-go-v2/service/fsx v1.65.10/go.mod h1:ZhrGF6EmakQJR9N5lGxh7LdkVG+v+Iaa1+PKU9eehWQ=
github.com/aws/aws-sdk-go-v2/service/iam v1.53.10 h1:kcN3I3llO7VwIY5w3Pc5FmEonpsr23Ou7Cwk4qf7dik=
github.com/aws/aws-sdk-go-v2/service/iam v1.53.10/go.mod h1:1vkJzjCYC3byO0kIrBqLPzvZpuvYhPXkuyARs6E7tM4=
github.com/aws/aws-sdk-go-v2/service/imagebuilder v1.55.6 h1:4eSjspaz47uyojkAbvS2W1ww35Fh7XZNMkqshms4iyk=
github.com/aws/aws-sdk-go-v2/service/imagebuilder v1.55.6/go.mod h1:kpYX4/D7D06D38TVpW+JVY5h2s6azQkdM5gXu1IHrMs=
github.com/aws/aws-sdk-go-v2/service/internal/accept-encoding v1.13.9 h1:FLudkZLt5ci0ozzgkVo8BJGwvqNaZbTWb3UcucAateA=
github.com/aws/aws-sdk-go-v2/service/internal/accept-encoding v1.13.9/go.mod h1:w7wZ/s9qK7c8g4al+UyoF1Sp/Z45UwMGcqIzLWVQHWk=
github.com/aws/aws-sdk-go-v2/service/internal/checksum v1.9.15 h1:ieLCO1JxUWuxTZ1cRd0GAaeX7O6cIxnwk7tc1LsQhC4=
github.com/aws/aws-sdk-go-v2/service/internal/checksum v1.9.15/go.mod h1:e3IzZvQ3kAWNykvE0Tr0RDZCMFInMvhku3qNpcIQXhM=
github.com/aws/aws-sdk-go-v2/service/internal/endpoint-discovery v1.11.23 h1:3Eo/PBBnjFi1+gYfaL286dpmFSW3mTfodBIybq36Qv4=
github.com/aws/aws-sdk-go-v2/service/internal/endpoint-discovery v1.11.23/go.mod h1:3oh+5xGSd1iuxonVb3Qbm+WJYlbhczT9kbzr6doJLzY=
github.com/aws/aws-sdk-go-v2/service/internal/presigned-url v1.13.23 h1:pbrxO/kuIwgEsOPLkaHu0O+m4fNgLU8B3vxQ+72jTPw=
github.com/aws/aws-sdk-go-v2/service/internal/presigned-url v1.13.23/go.mod h1:/CMNUqoj46HpS3MNRDEDIwcgEnrtZlKRaHNaHxIFpNA=
github.com/aws/aws-sdk-go-v2/service/internal/s3shared v1.19.23 h1:03xatSQO4+AM1lTAbnRg5OK528EUg744nW7F73U8DKw=
github.com/aws/aws-sdk-go-v2/service/internal/s3shared v1.19.23/go.mod h1:M8l3mwgx5ToK7wot2sBBce/ojzgnPzZXUV445gTSyE8=
github.com/aws/aws-sdk-go-v2/service/kms v1.51.1 h1:zuSf4olLKZW8cF/W9Y5wvGT+/0raY/3kVp49KsGs0QY=
github.com/aws/aws-sdk-go-v2/service/kms v1.51.1/go.mod h1:Y0+uxvxz6ib4KktRdK0V4X45Vcs/JyYoz8H71pO8xeI=
github.com/aws/aws-sdk-go-v2/service/lambda v1.90.1 h1:odCeJgHXfQoXEWQUIzPkKvsJTWcLMsaOWowNpovPFFw=
github.com/aws/aws-sdk-go-v2/service/lambda v1.90.1/go.mod h1:NbtJVztitG7JkuoI4GSrDUlsB32zeXqKBvXj6bUxcMo=
github.com/aws/aws-sdk-go-v2/service/pricing v1.42.2 h1:qLe0KpIqzUuBQk6iV7oiOGW/EEWLs87uTP/xNKpfe88=
github.com/aws/aws-sdk-go-v2/service/pricing v1.42.2/go.mod h1:aciuNKM3vUImiRzhEquRAAfetzdIKAdbEIL3cTm1XE4=
github.com/aws/aws-sdk-go-v2/service/resourcegroupstaggingapi v1.33.3 h1:cbpUm/70ixkgEnoSjn0QlEr2h0sRxPePELoF2DnQWHc=
github.com/aws/aws-sdk-go-v2/service/resourcegroupstaggingapi v1.33.3/go.mod h1:X1hs6YxHBTOd8urqr4UY/630+PkthkarMTAn66Hmeo0=
github.com/aws/aws-sdk-go-v2/service/route53 v1.62.7 h1:twRRMmtSITnt/rrp+D7UDLzE5pKMZe759aalkUdN+OY=
github.com/aws/aws-sdk-go-v2/service/route53 v1.62.7/go.mod h1:ztM1lr+sRoCAI8336ZUvlRPbToue0d3gE/wd6jomSJ8=
github.com/aws/aws-sdk-go-v2/service/s3 v1.101.0 h1:etqBTKY581iwLL/H/S2sVgk3C9lAsTJFeXWFDsDcWOU=
github.com/aws/aws-sdk-go-v2/service/s3 v1.101.0/go.mod h1:L2dcoOgS2VSgbPLvpak2NyUPsO1TBN7M45Z4H7DlRc4=
github.com/aws/aws-sdk-go-v2/service/scheduler v1.17.24 h1:F4gvh9TJcEZVqirKpX/FBWEMK6tvnGSVf4FWDvFtSQw=
github.com/aws/aws-sdk-go-v2/service/scheduler v1.17.24/go.mod h1:0/mvOL++cUfpS4KgHigHDo+x8KLYG/grOTyIOw3KCPM=
github.com/aws/aws-sdk-go-v2/service/servicequotas v1.34.7 h1:LRcX5C4jwSmkbmkamPVLU3/VALAo0Fuy77a2TgMKYx0=
github.com/aws/aws-sdk-go-v2/service/servicequotas v1.34.7/go.mod h1:52QJsp2N27Em8o5H/cgkBwjTY4I/TYpTBHMlqhuCHMQ=
github.com/aws/aws-sdk-go-v2/service/signin v1.0.11 h1:TdJ+HdzOBhU8+iVAOGUTU63VXopcumCOF1paFulHWZc=
github.com/aws/aws-sdk-go-v2/service/signin v1.0.11/go.mod h1:R82ZRExE/nheo0N+T8zHPcLRTcH8MGsnR3BiVGX0TwI=
github.com/aws/aws-sdk-go-v2/service/sns v1.39.17 h1:synXIPC/L4Cc489P0XDcrVJzHSLj7krKRpFLalbGM2k=
github.com/aws/aws-sdk-go-v2/service/sns v1.39.17/go.mod h1:4ABZnI23uNK37waIjGwkubnCwGhepIt9x1GvASfljJA=
github.com/aws/aws-sdk-go-v2/service/sqs v1.42.27 h1:QgaWXVmNDxv/U/3UIHfGb7ohvtFgerf/bYcYylj4i8E=
github.com/aws/aws-sdk-go-v2/service/sqs v1.42.27/go.mod h1:8S6ExnLprS0oIeA8ZlHkJUJ0BMpKqnRPws/S0jegTqQ=
github.com/aws/aws-sdk-go-v2/service/ssm v1.68.6 h1:0LPJjbSNEDHidGOXa0LfvSVbdn9/GdlJUQTgE0kFpso=
github.com/aws/aws-sdk-go-v2/service/ssm v1.68.6/go.mod h1:SrZAopBP5/lyQ6NBVXKlRp8wPIXhzBCZU98sEozmv8Y=
github.com/aws/aws-sdk-go-v2/service/sso v1.30.17 h1:7byT8HUWrgoRp6sXjxtZwgOKfhss5fW6SkLBtqzgRoE=
github.com/aws/aws-sdk-go-v2/service/sso v1.30.17/go.mod h1:xNWknVi4Ezm1vg1QsB/5EWpAJURq22uqd38U8qKvOJc=
github.com/aws/aws-sdk-go-v2/service/ssooidc v1.35.21 h1:+1Kl1zx6bWi4X7cKi3VYh29h8BvsCoHQEQ6ST9X8w7w=
github.com/aws/aws-sdk-go-v2/service/ssooidc v1.35.21/go.mod h1:4vIRDq+CJB2xFAXZ+YgGUTiEft7oAQlhIs71xcSeuVg=
github.com/aws/aws-sdk-go-v2/service/sts v1.42.1 h1:F/M5Y9I3nwr2IEpshZgh1GeHpOItExNM9L1euNuh/fk=
github.com/aws/aws-sdk-go-v2/service/sts v1.42.1/go.mod h1:mTNxImtovCOEEuD65mKW7DCsL+2gjEH+RPEAexAzAio=
github.com/aws/aws-sdk-go-v2/service/xray v1.36.23 h1:23UXC4h6nNZqOmk+xaXcfyTH/IIvqWycQk154GaSiE8=
github.com/aws/aws-sdk-go-v2/service/xray v1.36.23/go.mod h1:XEYnz2YYwBDEDHrfBWjv31kK8vCTrvCcnS7K7vyrDA0=
github.com/aws/smithy-go v1.27.1 h1:4T340VFndXtADGF52gYa1POyL7s9E4Z1OeZ1hCscIw8=
github.com/aws/smithy-go v1.27.1/go.mod h1:YE2RhdIuDbA5E5bTdciG9KrW3+TiEONeUWCqxX9i1Fc=
github.com/cenkalti/backoff/v5 v5.0.3 h1:ZN+IMa753KfX5hd8vVaMixjnqRZ3y8CuJKRKj1xcsSM=
github.com/cenkalti/backoff/v5 v5.0.3/go.mod h1:rkhZdG3JZukswDf7f0cwqPNk4K0sa+F97BxZthm/crw=
github.com/census-instrumentation/opencensus-proto v0.2.1/go.mod h1:f6KPmirojxKA12rnyqOA5BBL4O983OfeGPqjHWSTneU=
github.com/cespare/xxhash/v2 v2.3.0 h1:UL815xU9SqsFlibzuggzjXhog7bL6oX9BbNZnL2UFvs=
github.com/cespare/xxhash/v2 v2.3.0/go.mod h1:VGX0DQ3Q6kWi7AoAeZDth3/j3BFtOZR5XLFGgcrjCOs=
github.com/client9/misspell v0.3.4/go.mod h1:qj6jICC3Q7zFZvVWo7KLAzC3yx5G7kyvSDkc90ppPyw=
github.com/cncf/udpa/go v0.0.0-20191209042840-269d4d468f6f/go.mod h1:M8M6+tZqaGXZJjfX53e64911xZQV5JYwmTeXPW+k8Sc=
github.com/containerd/cgroups/v3 v3.0.5 h1:44na7Ud+VwyE7LIoJ8JTNQOa549a8543BmzaJHo6Bzo=
github.com/containerd/cgroups/v3 v3.0.5/go.mod h1:SA5DLYnXO8pTGYiAHXz94qvLQTKfVM5GEVisn4jpins=
github.com/davecgh/go-spew v1.1.0/go.mod h1:J7Y8YcW2NihsgmVo/mv3lAwl/skON4iLHjSsI+c5H38=
github.com/davecgh/go-spew v1.1.1 h1:vj9j/u1bqnvCEfJOwUhtlOARqs3+rkHYY13jYWTU97c=
github.com/davecgh/go-spew v1.1.1/go.mod h1:J7Y8YcW2NihsgmVo/mv3lAwl/skON4iLHjSsI+c5H38=
github.com/dustin/go-humanize v1.0.1 h1:GzkhY7T5VNhEkwH0PVJgjz+fX1rhBrR7pRT3mDkpeCY=
github.com/dustin/go-humanize v1.0.1/go.mod h1:Mu1zIs6XwVuF/gI1OepvI0qD18qycQx+mFykh5fBlto=
github.com/envoyproxy/go-control-plane v0.9.0/go.mod h1:YTl/9mNaCwkRvm6d1a2C3ymFceY/DCBVvsKhRF0iEA4=
github.com/envoyproxy/go-control-plane v0.9.1-0.20191026205805-5f8ba28d4473/go.mod h1:YTl/9mNaCwkRvm6d1a2C3ymFceY/DCBVvsKhRF0iEA4=
github.com/envoyproxy/go-control-plane v0.9.4/go.mod h1:6rpuAdCZL397s3pYoYcLgu1mIlRU8Am5FuJP05cCM98=
github.com/envoyproxy/protoc-gen-validate v0.1.0/go.mod h1:iSmxcyjqTsJpI2R4NaDN7+kN2VEUnK/pcBlmesArF7c=
github.com/frankban/quicktest v1.14.6 h1:7Xjx+VpznH+oBnejlPUj8oUpdxnVs4f8XU8WnHkI4W8=
github.com/frankban/quicktest v1.14.6/go.mod h1:4ptaffx2x8+WTWXmUCuVU6aPUX1/Mz7zb5vbUoiM6w0=
github.com/fsnotify/fsnotify v1.9.0 h1:2Ml+OJNzbYCTzsxtv8vKSFD9PbJjmhYF14k/jKC7S9k=
github.com/fsnotify/fsnotify v1.9.0/go.mod h1:8jBTzvmWwFyi3Pb8djgCCO5IBqzKJ/Jwo8TRcHyHii0=
github.com/go-chi/chi/v5 v5.2.5 h1:Eg4myHZBjyvJmAFjFvWgrqDTXFyOzjj7YIm3L3mu6Ug=
github.com/go-chi/chi/v5 v5.2.5/go.mod h1:X7Gx4mteadT3eDOMTsXzmI4/rwUpOwBHLpAfupzFJP0=
github.com/go-logr/logr v1.2.2/go.mod h1:jdQByPbusPIv2/zmleS9BjJVeZ6kBagPoEUsqbVz/1A=
github.com/go-logr/logr v1.4.3 h1:CjnDlHq8ikf6E492q6eKboGOC0T8CDaOvkHCIg8idEI=
github.com/go-logr/logr v1.4.3/go.mod h1:9T104GzyrTigFIr8wt5mBrctHMim0Nb2HLGrmQ40KvY=
github.com/go-logr/stdr v1.2.2 h1:hSWxHoqTgW2S2qGc0LTAI563KZ5YKYRhT3MFKZMbjag=
github.com/go-logr/stdr v1.2.2/go.mod h1:mMo/vtBO5dYbehREoey6XUKy/eSumjCCveDpRre4VKE=
github.com/go-viper/mapstructure/v2 v2.4.0 h1:EBsztssimR/CONLSZZ04E8qAkxNYq4Qp9LvH92wZUgs=
github.com/go-viper/mapstructure/v2 v2.4.0/go.mod h1:oJDH3BJKyqBA2TXFhDsKDGDTlndYOZ6rGS0BRZIxGhM=
github.com/golang/glog v0.0.0-20160126235308-23def4e6c14b/go.mod h1:SBH7ygxi8pfUlaOkMMuAQtPIUF8ecWP5IEl/CR7VP2Q=
github.com/golang/groupcache v0.0.0-20200121045136-8c9f03a8e57e/go.mod h1:cIg4eruTrX1D+g88fzRXU5OdNfaM+9IcxsU14FzY7Hc=
github.com/golang/groupcache v0.0.0-20210331224755-41bb18bfe9da h1:oI5xCqsCo564l8iNU+DwB5epxmsaqB+rhGL0m5jtYqE=
github.com/golang/groupcache v0.0.0-20210331224755-41bb18bfe9da/go.mod h1:cIg4eruTrX1D+g88fzRXU5OdNfaM+9IcxsU14FzY7Hc=
github.com/golang/mock v1.1.1/go.mod h1:oTYuIxOrZwtPieC+H1uAHpcLFnEyAGVDL/k47Jfbm0A=
github.com/golang/protobuf v1.2.0/go.mod h1:6lQm79b+lXiMfvg/cZm0SGofjICqVBUtrP5yJMmIC1U=
github.com/golang/protobuf v1.3.2/go.mod h1:6lQm79b+lXiMfvg/cZm0SGofjICqVBUtrP5yJMmIC1U=
github.com/golang/protobuf v1.4.0-rc.1/go.mod h1:ceaxUfeHdC40wWswd/P6IGgMaK3YpKi5j83Wpe3EHw8=
github.com/golang/protobuf v1.4.0-rc.1.0.20200221234624-67d41d38c208/go.mod h1:xKAWHe0F5eneWXFV3EuXVDTCmh+JuBKY0li0aMyXATA=
github.com/golang/protobuf v1.4.0-rc.2/go.mod h1:LlEzMj4AhA7rCAGe4KMBDvJI+AwstrUpVNzEA03Pprs=
github.com/golang/protobuf v1.4.0-rc.4.0.20200313231945-b860323f09d0/go.mod h1:WU3c8KckQ9AFe+yFwt9sWVRKCVIyN9cPHBJSNnbL67w=
github.com/golang/protobuf v1.4.0/go.mod h1:jodUvKwWbYaEsadDk5Fwe5c77LiNKVO9IDvqG2KuDX0=
github.com/golang/protobuf v1.4.1/go.mod h1:U8fpvMrcmy5pZrNK1lt4xCsGvpyWQ/VVv6QDs8UjoX8=
github.com/golang/protobuf v1.4.3/go.mod h1:oDoupMAO8OvCJWAcko0GGGIgR6R6ocIYbsSw735rRwI=
github.com/google/go-cmp v0.2.0/go.mod h1:oXzfMopK8JAjlY9xF4vHSVASa0yLyX7SntLO5aqRK0M=
github.com/google/go-cmp v0.3.0/go.mod h1:8QqcDgzrUqlUb/G2PQTWiueGozuR1884gddMywk6iLU=
github.com/google/go-cmp v0.3.1/go.mod h1:8QqcDgzrUqlUb/G2PQTWiueGozuR1884gddMywk6iLU=
github.com/google/go-cmp v0.4.0/go.mod h1:v8dTdLbMG2kIc/vJvl+f65V22dbkXbowE6jgT/gNBxE=
github.com/google/go-cmp v0.5.0/go.mod h1:v8dTdLbMG2kIc/vJvl+f65V22dbkXbowE6jgT/gNBxE=
github.com/google/go-cmp v0.5.3/go.mod h1:v8dTdLbMG2kIc/vJvl+f65V22dbkXbowE6jgT/gNBxE=
github.com/google/go-cmp v0.7.0 h1:wk8382ETsv4JYUZwIsn6YpYiWiBsYLSJiTsyBybVuN8=
github.com/google/go-cmp v0.7.0/go.mod h1:pXiqmnSA92OHEEa9HXL2W4E7lf9JzCmGVUdgjX3N/iU=
github.com/google/jsonschema-go v0.4.2 h1:tmrUohrwoLZZS/P3x7ex0WAVknEkBZM46iALbcqoRA8=
github.com/google/jsonschema-go v0.4.2/go.mod h1:r5quNTdLOYEz95Ru18zA0ydNbBuYoo9tgaYcxEYhJVE=
github.com/google/uuid v1.1.2/go.mod h1:TIyPZe4MgqvfeYDBFedMoGGpEw/LqOeaOT+nhxU+yHo=
github.com/google/uuid v1.6.0 h1:NIvaJDMOsjHA8n1jAhLSgzrAzy1Hgr+hNrb57e+94F0=
github.com/google/uuid v1.6.0/go.mod h1:TIyPZe4MgqvfeYDBFedMoGGpEw/LqOeaOT+nhxU+yHo=
github.com/grpc-ecosystem/grpc-gateway/v2 v2.28.0 h1:HWRh5R2+9EifMyIHV7ZV+MIZqgz+PMpZ14Jynv3O2Zs=
github.com/grpc-ecosystem/grpc-gateway/v2 v2.28.0/go.mod h1:JfhWUomR1baixubs02l85lZYYOm7LV6om4ceouMv45c=
github.com/kr/pretty v0.3.1 h1:flRD4NNwYAUpkphVc1HcthR4KEIFJ65n8Mw5qdRn3LE=
github.com/kr/pretty v0.3.1/go.mod h1:hoEshYVHaxMs3cyo3Yncou5ZscifuDolrwPKZanG3xk=
github.com/kr/text v0.2.0 h1:5Nx0Ya0ZqY2ygV366QzturHI13Jq95ApcVaJBhpS+AY=
github.com/kr/text v0.2.0/go.mod h1:eLer722TekiGuMkidMxC/pM04lWEeraHUUmBw8l2grE=
github.com/mark3labs/mcp-go v0.49.0 h1:7Ssx4d7/T86qnWoJIdye7wEEvUzv39UIbnZb/FqUZMY=
github.com/mark3labs/mcp-go v0.49.0/go.mod h1:BflTAZAzXlrTpiO44gmjMu89n2FO56rJ9m31fp4zd5k=
github.com/mattn/go-isatty v0.0.20 h1:xfD0iDuEKnDkl03q4limB+vH+GxLEtL/jb4xVJSWWEY=
github.com/mattn/go-isatty v0.0.20/go.mod h1:W+V8PltTTMOvKvAeJH7IuucS94S2C6jfK/D7dTCTo3Y=
github.com/ncruces/go-strftime v0.1.9 h1:bY0MQC28UADQmHmaF5dgpLmImcShSi2kHU9XLdhx/f4=
github.com/ncruces/go-strftime v0.1.9/go.mod h1:Fwc5htZGVVkseilnfgOVb9mKy6w1naJmn9CehxcKcls=
github.com/pelletier/go-toml v1.9.5 h1:4yBQzkHv+7BHq2PQUZF3Mx0IYxG7LsP222s7Agd3ve8=
github.com/pelletier/go-toml/v2 v2.2.4 h1:mye9XuhQ6gvn5h28+VilKrrPoQVanw5PMw/TB0t5Ec4=
github.com/pelletier/go-toml/v2 v2.2.4/go.mod h1:2gIqNv+qfxSVS7cM2xJQKtLSTLUE9V8t9Stt+h56mCY=
github.com/pkg/errors v0.9.1 h1:FEBLx1zS214owpjy7qsBeixbURkuhQAwrK5UwLGTwt4=
github.com/pkg/errors v0.9.1/go.mod h1:bwawxfHBFNV+L2hUp1rHADufV3IMtnDRdf1r5NINEl0=
github.com/pmezard/go-difflib v1.0.0 h1:4DBwDE0NGyQoBHbLQYPwSUPoCMWR5BEzIk/f1lZbAQM=
github.com/pmezard/go-difflib v1.0.0/go.mod h1:iKH77koFhYxTK1pcRnkKkqfTogsbg7gZNVY4sRDYZ/4=
github.com/prometheus/client_model v0.0.0-20190812154241-14fe0d1b01d4/go.mod h1:xMI15A0UPsDsEKsMN9yxemIoYk6Tm2C1GtYGdfGttqA=
github.com/remyoudompheng/bigfft v0.0.0-20230129092748-24d4a6f8daec h1:W09IVJc94icq4NjY3clb7Lk8O1qJ8BdBEF8z0ibU0rE=
github.com/remyoudompheng/bigfft v0.0.0-20230129092748-24d4a6f8daec/go.mod h1:qqbHyh8v60DhA7CoWK5oRCqLrMHRGoxYCSS9EjAz6Eo=
github.com/rogpeppe/go-internal v1.14.1 h1:UQB4HGPB6osV0SQTLymcB4TgvyWu6ZyliaW0tI/otEQ=
github.com/rogpeppe/go-internal v1.14.1/go.mod h1:MaRKkUm5W0goXpeCfT7UZI6fk/L7L7so1lCWt35ZSgc=
github.com/sagikazarmark/locafero v0.11.0 h1:1iurJgmM9G3PA/I+wWYIOw/5SyBtxapeHDcg+AAIFXc=
github.com/sagikazarmark/locafero v0.11.0/go.mod h1:nVIGvgyzw595SUSUE6tvCp3YYTeHs15MvlmU87WwIik=
github.com/scttfrdmn/substrate v0.71.0 h1:t750+3xHHkJD+fnes7xexZVF3dfFd/66cOtB11LQeLg=
github.com/scttfrdmn/substrate v0.71.0/go.mod h1:Xj4TSCDG2XOL72lQuP8qJXHtfVwGCwV94oW6aICdJ60=
github.com/sirupsen/logrus v1.9.3 h1:dueUQJ1C2q9oE3F7wvmSGAaVtTmUizReu6fjN8uqzbQ=
github.com/sirupsen/logrus v1.9.3/go.mod h1:naHLuLoDiP4jHNo9R0sCBMtWGeIprob74mVsIT4qYEQ=
github.com/sourcegraph/conc v0.3.1-0.20240121214520-5f936abd7ae8 h1:+jumHNA0Wrelhe64i8F6HNlS8pkoyMv5sreGx2Ry5Rw=
github.com/sourcegraph/conc v0.3.1-0.20240121214520-5f936abd7ae8/go.mod h1:3n1Cwaq1E1/1lhQhtRK2ts/ZwZEhjcQeJQ1RuC6Q/8U=
github.com/spf13/afero v1.15.0 h1:b/YBCLWAJdFWJTN9cLhiXXcD7mzKn9Dm86dNnfyQw1I=
github.com/spf13/afero v1.15.0/go.mod h1:NC2ByUVxtQs4b3sIUphxK0NioZnmxgyCrfzeuq8lxMg=
github.com/spf13/cast v1.10.0 h1:h2x0u2shc1QuLHfxi+cTJvs30+ZAHOGRic8uyGTDWxY=
github.com/spf13/cast v1.10.0/go.mod h1:jNfB8QC9IA6ZuY2ZjDp0KtFO2LZZlg4S/7bzP6qqeHo=
github.com/spf13/pflag v1.0.10 h1:4EBh2KAYBwaONj6b2Ye1GiHfwjqyROoF4RwYO+vPwFk=
github.com/spf13/pflag v1.0.10/go.mod h1:McXfInJRrz4CZXVZOBLb0bTZqETkiAhM9Iw0y3An2Bg=
github.com/spf13/viper v1.21.0 h1:x5S+0EU27Lbphp4UKm1C+1oQO+rKx36vfCoaVebLFSU=
github.com/spf13/viper v1.21.0/go.mod h1:P0lhsswPGWD/1lZJ9ny3fYnVqxiegrlNrEmgLjbTCAY=
github.com/spore-host/libs v0.42.0 h1:/40e2GR6WfpM8pWXlR+WLdVaVV294o23LGiI3r9+KD0=
github.com/spore-host/libs v0.42.0/go.mod h1:1NdCOXkDuw6T0MAcWOyO630e0OPaGaYiMbLcRBIHeyM=
github.com/spore-host/spawn v0.77.0 h1:796rShg83y14/yx2B4NF8bOo5Xld4tEBKqYPjqpP7gI=
github.com/spore-host/spawn v0.77.0/go.mod h1:tRjx7vTFhN+/O6ydK6VkHBrynnUGyeHL1v35oKpLMFg=
github.com/spore-host/truffle v0.44.0 h1:ALN58WExoayVoJMYPHE38vn4Aju1sOxTRP625gAdbAM=
github.com/spore-host/truffle v0.44.0/go.mod h1:2DT6zaiHP7bhkFYFBwZTfJYm7S87/hsTqdrJHN0QeOs=
github.com/stretchr/objx v0.1.0/go.mod h1:HFkY916IF+rwdDfMAkV7OtwuqBVzrE8GR6GFx+wExME=
github.com/stretchr/objx v0.4.0/go.mod h1:YvHI0jy2hoMjB+UWwv71VJQ9isScKT/TqJzVSSt89Yw=
github.com/stretchr/objx v0.5.0/go.mod h1:Yh+to48EsGEfYuaHDzXPcE3xhTkx73EhmCGUpEOglKo=
github.com/stretchr/testify v1.7.0/go.mod h1:6Fq8oRcR53rry900zMqJjRRixrwX3KX962/h/Wwjteg=
github.com/stretchr/testify v1.7.1/go.mod h1:6Fq8oRcR53rry900zMqJjRRixrwX3KX962/h/Wwjteg=
github.com/stretchr/testify v1.8.0/go.mod h1:yNjHg4UonilssWZ8iaSj1OCr/vHnekPRkoO+kdMU+MU=
github.com/stretchr/testify v1.8.1/go.mod h1:w2LPCIKwWwSfY2zedu0+kehJoqGctiVI29o6fzry7u4=
github.com/stretchr/testify v1.11.1 h1:7s2iGBzp5EwR7/aIZr8ao5+dra3wiQyKjjFuvgVKu7U=
github.com/stretchr/testify v1.11.1/go.mod h1:wZwfW3scLgRK+23gO65QZefKpKQRnfz6sD981Nm4B6U=
github.com/subosito/gotenv v1.6.0 h1:9NlTDc1FTs4qu0DDq7AEtTPNw6SVm7uBMsUCUjABIf8=
github.com/subosito/gotenv v1.6.0/go.mod h1:Dk4QP5c2W3ibzajGcXpNraDfq2IrhjMIvMSWPKKo0FU=
github.com/yosida95/uritemplate/v3 v3.0.2 h1:Ed3Oyj9yrmi9087+NczuL5BwkIc4wvTb5zIM+UJPGz4=
github.com/yosida95/uritemplate/v3 v3.0.2/go.mod h1:ILOh0sOhIJR3+L/8afwt/kE++YT040gmv5BQTMR2HP4=
go.opencensus.io v0.24.0 h1:y73uSU6J157QMP2kn2r30vwW1A2W2WFwSCGnAVxeaD0=
go.opencensus.io v0.24.0/go.mod h1:vNK8G9p7aAivkbmorf4v+7Hgx+Zs0yY+0fOtgBfjQKo=
go.opentelemetry.io/auto/sdk v1.2.1 h1:jXsnJ4Lmnqd11kwkBV2LgLoFMZKizbCi5fNZ/ipaZ64=
go.opentelemetry.io/auto/sdk v1.2.1/go.mod h1:KRTj+aOaElaLi+wW1kO/DZRXwkF4C5xPbEe3ZiIhN7Y=
go.opentelemetry.io/contrib/instrumentation/github.com/aws/aws-sdk-go-v2/otelaws v0.68.0 h1:AojZNtrcbjp4Ty3ZwpQvPCcoM5o5CApjf1kj3XrOLdw=
go.opentelemetry.io/contrib/instrumentation/github.com/aws/aws-sdk-go-v2/otelaws v0.68.0/go.mod h1:AXXwEDlD/ZZwps0zPtTuU2K05sf55/6GLnQ21L0WzFo=
go.opentelemetry.io/otel v1.43.0 h1:mYIM03dnh5zfN7HautFE4ieIig9amkNANT+xcVxAj9I=
go.opentelemetry.io/otel v1.43.0/go.mod h1:JuG+u74mvjvcm8vj8pI5XiHy1zDeoCS2LB1spIq7Ay0=
go.opentelemetry.io/otel/exporters/otlp/otlptrace v1.43.0 h1:88Y4s2C8oTui1LGM6bTWkw0ICGcOLCAI5l6zsD1j20k=
go.opentelemetry.io/otel/exporters/otlp/otlptrace v1.43.0/go.mod h1:Vl1/iaggsuRlrHf/hfPJPvVag77kKyvrLeD10kpMl+A=
go.opentelemetry.io/otel/exporters/otlp/otlptrace/otlptracehttp v1.43.0 h1:3iZJKlCZufyRzPzlQhUIWVmfltrXuGyfjREgGP3UUjc=
go.opentelemetry.io/otel/exporters/otlp/otlptrace/otlptracehttp v1.43.0/go.mod h1:/G+nUPfhq2e+qiXMGxMwumDrP5jtzU+mWN7/sjT2rak=
go.opentelemetry.io/otel/exporters/stdout/stdouttrace v1.43.0 h1:mS47AX77OtFfKG4vtp+84kuGSFZHTyxtXIN269vChY0=
go.opentelemetry.io/otel/exporters/stdout/stdouttrace v1.43.0/go.mod h1:PJnsC41lAGncJlPUniSwM81gc80GkgWJWr3cu2nKEtU=
go.opentelemetry.io/otel/metric v1.43.0 h1:d7638QeInOnuwOONPp4JAOGfbCEpYb+K6DVWvdxGzgM=
go.opentelemetry.io/otel/metric v1.43.0/go.mod h1:RDnPtIxvqlgO8GRW18W6Z/4P462ldprJtfxHxyKd2PY=
go.opentelemetry.io/otel/sdk v1.43.0 h1:pi5mE86i5rTeLXqoF/hhiBtUNcrAGHLKQdhg4h4V9Dg=
go.opentelemetry.io/otel/sdk v1.43.0/go.mod h1:P+IkVU3iWukmiit/Yf9AWvpyRDlUeBaRg6Y+C58QHzg=
go.opentelemetry.io/otel/sdk/metric v1.43.0 h1:S88dyqXjJkuBNLeMcVPRFXpRw2fuwdvfCGLEo89fDkw=
go.opentelemetry.io/otel/sdk/metric v1.43.0/go.mod h1:C/RJtwSEJ5hzTiUz5pXF1kILHStzb9zFlIEe85bhj6A=
go.opentelemetry.io/otel/trace v1.43.0 h1:BkNrHpup+4k4w+ZZ86CZoHHEkohws8AY+WTX09nk+3A=
go.opentelemetry.io/otel/trace v1.43.0/go.mod h1:/QJhyVBUUswCphDVxq+8mld+AvhXZLhe+8WVFxiFff0=
go.opentelemetry.io/proto/otlp v1.10.0 h1:IQRWgT5srOCYfiWnpqUYz9CVmbO8bFmKcwYxpuCSL2g=
go.opentelemetry.io/proto/otlp v1.10.0/go.mod h1:/CV4QoCR/S9yaPj8utp3lvQPoqMtxXdzn7ozvvozVqk=
go.uber.org/goleak v1.3.0 h1:2K3zAYmnTNqV73imy9J1T3WC+gmCePx2hEGkimedGto=
go.uber.org/goleak v1.3.0/go.mod h1:CoHD4mav9JJNrW/WLlf7HGZPjdw8EucARQHekz1X6bE=
go.yaml.in/yaml/v3 v3.0.4 h1:tfq32ie2Jv2UxXFdLJdh3jXuOzWiL1fo0bu/FbuKpbc=
go.yaml.in/yaml/v3 v3.0.4/go.mod h1:DhzuOOF2ATzADvBadXxruRBLzYTpT36CKvDb3+aBEFg=
golang.org/x/crypto v0.0.0-20190308221718-c2843e01d9a2/go.mod h1:djNgcEr1/C05ACkg1iLfiJU5Ep61QUkGW8qpdssI0+w=
golang.org/x/crypto v0.0.0-20200622213623-75b288015ac9/go.mod h1:LzIPMQfyMNhhGPhUkYOs5KpL4U8rLKemX1yGLhDgUto=
golang.org/x/exp v0.0.0-20190121172915-509febef88a4/go.mod h1:CJ0aWSM057203Lf6IL+f9T1iT9GByDxfZKAQTCR3kQA=
golang.org/x/exp v0.0.0-20250305212735-054e65f0b394 h1:nDVHiLt8aIbd/VzvPWN6kSOPE7+F/fNFDSXLVYkE/Iw=
golang.org/x/exp v0.0.0-20250305212735-054e65f0b394/go.mod h1:sIifuuw/Yco/y6yb6+bDNfyeQ/MdPUy/hKEMYQV17cM=
golang.org/x/lint v0.0.0-20181026193005-c67002cb31c3/go.mod h1:UVdnD1Gm6xHRNCYTkRU2/jEulfH38KcIWyp/GAMgvoE=
golang.org/x/lint v0.0.0-20190227174305-5b3e6a55c961/go.mod h1:wehouNa3lNwaWXcvxsM5YxQ5yQlVC4a0KAMCusXpPoU=
golang.org/x/lint v0.0.0-20190313153728-d0100b6bd8b3/go.mod h1:6SW0HCj/g11FgYtHlgUYUwCkIfeOF89ocIRzGO/8vkc=
golang.org/x/net v0.0.0-20180724234803-3673e40ba225/go.mod h1:mL1N/T3taQHkDXs73rZJwtUhF3w3ftmwwsq0BUmARs4=
golang.org/x/net v0.0.0-20180826012351-8a410e7b638d/go.mod h1:mL1N/T3taQHkDXs73rZJwtUhF3w3ftmwwsq0BUmARs4=
golang.org/x/net v0.0.0-20190213061140-3a22650c66bd/go.mod h1:mL1N/T3taQHkDXs73rZJwtUhF3w3ftmwwsq0BUmARs4=
golang.org/x/net v0.0.0-20190311183353-d8887717615a/go.mod h1:t9HGtf8HONx5eT2rtn7q6eTqICYqUVnKs3thJo3Qplg=
golang.org/x/net v0.0.0-20190404232315-eb5bcb51f2a3/go.mod h1:t9HGtf8HONx5eT2rtn7q6eTqICYqUVnKs3thJo3Qplg=
golang.org/x/net v0.0.0-20201110031124-69a78807bb2b/go.mod h1:sp8m0HH+o8qH0wwXwYZr8TS3Oi6o0r6Gce1SSxlDquU=
golang.org/x/net v0.55.0 h1:bcvxaJn3e1U6InsFWt1JUq1aSjnRxLzT2rtD2KfkDF8=
golang.org/x/net v0.55.0/go.mod h1:L5U2KuzuOe1lY7Z+aWVIKK6qEeJXnXV9yzGA+WCHJww=
golang.org/x/oauth2 v0.0.0-20180821212333-d2e6202438be/go.mod h1:N/0e6XlmueqKjAGxoOufVs8QHGRruUQn6yWY3a++T0U=
golang.org/x/sync v0.0.0-20180314180146-1d60e4601c6f/go.mod h1:RxMgew5VJxzue5/jJTE5uejpjVlOe/izrB70Jof72aM=
golang.org/x/sync v0.0.0-20181108010431-42b317875d0f/go.mod h1:RxMgew5VJxzue5/jJTE5uejpjVlOe/izrB70Jof72aM=
golang.org/x/sync v0.0.0-20190423024810-112230192c58/go.mod h1:RxMgew5VJxzue5/jJTE5uejpjVlOe/izrB70Jof72aM=
golang.org/x/sys v0.0.0-20180830151530-49385e6e1522/go.mod h1:STP8DvDyc/dI5b8T5hshtkjS+E42TnysNCUPdjciGhY=
golang.org/x/sys v0.0.0-20190215142949-d0b11bdaac8a/go.mod h1:STP8DvDyc/dI5b8T5hshtkjS+E42TnysNCUPdjciGhY=
golang.org/x/sys v0.0.0-20190412213103-97732733099d/go.mod h1:h1NjWce9XRLGQEsW7wpKNCjG9DtNlClVuFLEZdDNbEs=
golang.org/x/sys v0.0.0-20200930185726-fdedc70b468f/go.mod h1:h1NjWce9XRLGQEsW7wpKNCjG9DtNlClVuFLEZdDNbEs=
golang.org/x/sys v0.0.0-20220715151400-c0bba94af5f8/go.mod h1:oPkhp1MJrh7nUepCBck5+mAzfO9JrbApNNgaTdGDITg=
golang.org/x/sys v0.46.0 h1:noSf2Fq6F8DBgS+LysIkx7rIExoNHJsxOAtPp4rthXw=
golang.org/x/sys v0.46.0/go.mod h1:4GL1E5IUh+htKOUEOaiffhrAeqysfVGipDYzABqnCmw=
golang.org/x/text v0.3.0/go.mod h1:NqM8EUOU14njkJ3fqMW+pc6Ldnwhi/IjpwHt7yyuwOQ=
golang.org/x/text v0.3.3/go.mod h1:5Zoc/QRtKVWzQhOtBMvqHzDpF6irO9z98xDceosuGiQ=
golang.org/x/text v0.38.0 h1:sXmwo9DwP3OK9EZ7PqAdaooSGozfl/3a6/xJcbzPRhE=
golang.org/x/text v0.38.0/go.mod h1:YXZt3QhHUKYT53r2lLKFIVi6Ao1jdzrTR/KQ09qyxF4=
golang.org/x/tools v0.0.0-20180917221912-90fa682c2a6e/go.mod h1:n7NCudcB/nEzxVGmLbDWY5pfWTLqBcC2KZ6jyYvM4mQ=
golang.org/x/tools v0.0.0-20190114222345-bf090417da8b/go.mod h1:n7NCudcB/nEzxVGmLbDWY5pfWTLqBcC2KZ6jyYvM4mQ=
golang.org/x/tools v0.0.0-20190226205152-f727befe758c/go.mod h1:9Yl7xja0Znq3iFh3HoIrodX9oNMXvdceNzlUR8zjMvY=
golang.org/x/tools v0.0.0-20190311212946-11955173bddd/go.mod h1:LCzVGOaR6xXOjkQ3onu1FJEFr0SW1gC7cKk1uF8kGRs=
golang.org/x/tools v0.0.0-20190524140312-2c0ae7006135/go.mod h1:RgjU9mgBXZiqYHBnxXauZ1Gv1EHHAz9KjViQ78xBX0Q=
golang.org/x/xerrors v0.0.0-20191204190536-9bdfabe68543/go.mod h1:I/5z698sn9Ka8TeJc9MKroUUfqBBauWjQqLJ2OPfmY0=
google.golang.org/appengine v1.1.0/go.mod h1:EbEs0AVv82hx2wNQdGPgUI5lhzA/G0D9YwlJXL52JkM=
google.golang.org/appengine v1.4.0/go.mod h1:xpcJRLb0r/rnEns0DIKYYv+WjYCduHsrkT7/EB5XEv4=
google.golang.org/genproto v0.0.0-20180817151627-c66870c02cf8/go.mod h1:JiN7NxoALGmiZfu7CAH4rXhgtRTLTxftemlI0sWmxmc=
google.golang.org/genproto v0.0.0-20190819201941-24fa4b261c55/go.mod h1:DMBHOl98Agz4BDEuKkezgsaosCRResVns1a3J2ZsMNc=
google.golang.org/genproto v0.0.0-20200526211855-cb27e3aa2013/go.mod h1:NbSheEEYHJ7i3ixzK3sjbqSGDJWnxyFXZblF3eUsNvo=
google.golang.org/genproto/googleapis/api v0.0.0-20260610212136-7ab31c22f7ad h1:3iLyITS/sySRwbUKoC7ogfj2Yr1Cjs0pfaRKj5U5HEw=
google.golang.org/genproto/googleapis/api v0.0.0-20260610212136-7ab31c22f7ad/go.mod h1:KdNqO+rCIWgFumrNBSEDlDNrkrQnpkax7Tv1WxNY8V4=
google.golang.org/genproto/googleapis/rpc v0.0.0-20260610212136-7ab31c22f7ad h1:45WmJvIV6C2+O/jjLkPUH+F3aOj/1miDoU2DD0+NWbg=
google.golang.org/genproto/googleapis/rpc v0.0.0-20260610212136-7ab31c22f7ad/go.mod h1:4Hqkh8ycfw05ld/3BWL7rJOSfebL2Q+DVDeRgYgxUU8=
google.golang.org/grpc v1.19.0/go.mod h1:mqu4LbDTu4XGKhr4mRzUsmM4RtVoemTSY81AxZiDr8c=
google.golang.org/grpc v1.23.0/go.mod h1:Y5yQAOtifL1yxbo5wqy6BxZv8vAUGQwXBOALyacEbxg=
google.golang.org/grpc v1.25.1/go.mod h1:c3i+UQWmh7LiEpx4sFZnkU36qjEYZ0imhYfXVyQciAY=
google.golang.org/grpc v1.27.0/go.mod h1:qbnxyOmOxrQa7FizSgH+ReBfzJrCY1pSN7KXBS8abTk=
google.golang.org/grpc v1.33.2/go.mod h1:JMHMWHQWaTccqQQlmk3MJZS+GWXOdAesneDmEnv2fbc=
google.golang.org/grpc v1.82.1 h1:NnAxzGRA0677vCa4BUkOAnO5+FfQqVl9iUXeD0IqcGE=
google.golang.org/grpc v1.82.1/go.mod h1:yzTZ1TB1Z3SG+LIYaI+WiE8D5+PZ3ArnrSp8zF3+/ZA=
google.golang.org/protobuf v0.0.0-20200109180630-ec00e32a8dfd/go.mod h1:DFci5gLYBciE7Vtevhsrf46CRTquxDuWsQurQQe4oz8=
google.golang.org/protobuf v0.0.0-20200221191635-4d8936d0db64/go.mod h1:kwYJMbMJ01Woi6D6+Kah6886xMZcty6N08ah7+eCXa0=
google.golang.org/protobuf v0.0.0-20200228230310-ab0ca4ff8a60/go.mod h1:cfTl7dwQJ+fmap5saPgwCLgHXTUD7jkjRqWcaiX5VyM=
google.golang.org/protobuf v1.20.1-0.20200309200217-e05f789c0967/go.mod h1:A+miEFZTKqfCUM6K7xSMQL9OKL/b6hQv+e19PK+JZNE=
google.golang.org/protobuf v1.21.0/go.mod h1:47Nbq4nVaFHyn7ilMalzfO3qCViNmqZ2kzikPIcrTAo=
google.golang.org/protobuf v1.22.0/go.mod h1:EGpADcykh3NcUnDUJcl1+ZksZNG86OlYog2l/sGQquU=
google.golang.org/protobuf v1.23.0/go.mod h1:EGpADcykh3NcUnDUJcl1+ZksZNG86OlYog2l/sGQquU=
google.golang.org/protobuf v1.23.1-0.20200526195155-81db48ad09cc/go.mod h1:EGpADcykh3NcUnDUJcl1+ZksZNG86OlYog2l/sGQquU=
google.golang.org/protobuf v1.25.0/go.mod h1:9JNX74DMeImyA3h4bdi1ymwjUzf21/xIlbajtzgsN7c=
google.golang.org/protobuf v1.36.11 h1:fV6ZwhNocDyBLK0dj+fg8ektcVegBBuEolpbTQyBNVE=
google.golang.org/protobuf v1.36.11/go.mod h1:HTf+CrKn2C3g5S8VImy6tdcUvCska2kB7j23XfzDpco=
gopkg.in/check.v1 v0.0.0-20161208181325-20d25e280405/go.mod h1:Co6ibVJAznAaIkqp8huTwlJQCZ016jof/cbN4VW5Yz0=
gopkg.in/check.v1 v1.0.0-20201130134442-10cb98267c6c h1:Hei/4ADfdWqJk1ZMxUNpqntNwaWcugrBjAiHlqqRiVk=
gopkg.in/check.v1 v1.0.0-20201130134442-10cb98267c6c/go.mod h1:JHkPIbrfpd72SG/EVd6muEfDQjcINNoR0C8j2r3qZ4Q=
gopkg.in/yaml.v3 v3.0.0-20200313102051-9f266ea9e77c/go.mod h1:K4uyk7z7BCEPqu6E+C64Yfv1cQ7kz7rIZviUmN+EgEM=
gopkg.in/yaml.v3 v3.0.1 h1:fxVm/GzAzEWqLHuvctI91KS9hhNmmWOoWu0XTYJS7CA=
gopkg.in/yaml.v3 v3.0.1/go.mod h1:K4uyk7z7BCEPqu6E+C64Yfv1cQ7kz7rIZviUmN+EgEM=
honnef.co/go/tools v0.0.0-20190102054323-c2f93a96b099/go.mod h1:rf3lG4BRIbNafJWhAfAdb/ePZxsR/4RtNHQocxwk9r4=
honnef.co/go/tools v0.0.0-20190523083050-ea95bdfd59fc/go.mod h1:rf3lG4BRIbNafJWhAfAdb/ePZxsR/4RtNHQocxwk9r4=
modernc.org/libc v1.62.1 h1:s0+fv5E3FymN8eJVmnk0llBe6rOxCu/DEU+XygRbS8s=
modernc.org/libc v1.62.1/go.mod h1:iXhATfJQLjG3NWy56a6WVU73lWOcdYVxsvwCgoPljuo=
modernc.org/mathutil v1.7.1 h1:GCZVGXdaN8gTqB1Mf/usp1Y/hSqgI2vAGGP4jZMCxOU=
modernc.org/mathutil v1.7.1/go.mod h1:4p5IwJITfppl0G4sUEDtCr4DthTaT47/N3aT6MhfgJg=
modernc.org/memory v1.9.1 h1:V/Z1solwAVmMW1yttq3nDdZPJqV1rM05Ccq6KMSZ34g=
modernc.org/memory v1.9.1/go.mod h1:/JP4VbVC+K5sU2wZi9bHoq2MAkCnrt2r98UGeSK7Mjw=
modernc.org/sqlite v1.37.0 h1:s1TMe7T3Q3ovQiK2Ouz4Jwh7dw4ZDqbebSDTlSJdfjI=
modernc.org/sqlite v1.37.0/go.mod h1:5YiWv+YviqGMuGw4V+PNplcyaJ5v+vQd7TQOgkACoJM=
